
Microsoft Visual Studio Solution File, Format Version 12.00
# Visual Studio Version 17
VisualStudioVersion = 17.4.33205.214
MinimumVisualStudioVersion = 10.0.40219.1
Project("{FAE04EC0-301F-11D3-BF4B-00C04F79EFBC}") = "BrainfuckConverterGUI", "BrainfuckConverterGUI\BrainfuckConverterGUI.csproj", "{83FB9659-C6BD-4100-84F1-15926ED68F44}"
EndProject
Global
	GlobalSection(SolutionConfigurationPlatforms) = preSolution
		Debug|Any CPU = Debug|Any CPU
		Release|Any CPU = Release|Any CPU
	EndGlobalSection
	GlobalSection(ProjectConfigurationPlatforms) = postSolution
		{83FB9659-C6BD-4100-84F1-15926ED68F44}.Debug|Any CPU.ActiveCfg = Debug|Any CPU
		{83FB9659-C6BD-4100-84F1-15926ED68F44}.Debug|Any CPU.Build.0 = Debug|Any CPU
		{83FB9659-C6BD-4100-84F1-15926ED68F44}.Release|Any CPU.ActiveCfg = Release|Any CPU
		{83FB9659-C6BD-4100-84F1-15926ED68F44}.Release|Any CPU.Build.0 = Release|Any CPU
	EndGlobalSection
	GlobalSection(SolutionProperties) = preSolution
		HideSolutionNode = FALSE
	EndGlobalSection
	GlobalSection(ExtensibilityGlobals) = postSolution
		SolutionGuid = {7B305718-8E95-4264-AFF5-82AB30CFE749}
	EndGlobalSection
EndGlobal
